# This file is generated by running "yarn install" inside your project.
# Manual changes might be lost - proceed with caution!

__metadata:
  version: 8
  cacheKey: 10c0

"@discordjs/builders@npm:^1.7.0":
  version: 1.7.0
  resolution: "@discordjs/builders@npm:1.7.0"
  dependencies:
    "@discordjs/formatters": "npm:^0.3.3"
    "@discordjs/util": "npm:^1.0.2"
    "@sapphire/shapeshift": "npm:^3.9.3"
    discord-api-types: "npm:0.37.61"
    fast-deep-equal: "npm:^3.1.3"
    ts-mixer: "npm:^6.0.3"
    tslib: "npm:^2.6.2"
  checksum: 10c0/6d2264e68fb4396daded4d33a555d0a1fb71b2e7ad8dd28e8d668391204abd889abfe90e8118b940825ebc9765164616248a551e110953a46dc4696054946f8c
  languageName: node
  linkType: hard

"@discordjs/collection@npm:1.5.3, @discordjs/collection@npm:^1.5.3":
  version: 1.5.3
  resolution: "@discordjs/collection@npm:1.5.3"
  checksum: 10c0/54338e005e9a1c6a5c91464cbcc378a5bf74410ad5b8bba1961b80d0ec8f1eb1b768ea737ad03bcb62430ea84aa5561523318b739538b334115ed775630ca42c
  languageName: node
  linkType: hard

"@discordjs/collection@npm:^2.0.0":
  version: 2.0.0
  resolution: "@discordjs/collection@npm:2.0.0"
  checksum: 10c0/5cc29341935af3705e909f71f30f1514ef491c2afb4411f5972ccffa9584f10d6d1dc3463354b2af00e7c0bdf874032a7b81740bb5affe0f2eedf7eef65080cd
  languageName: node
  linkType: hard

"@discordjs/formatters@npm:^0.3.3":
  version: 0.3.3
  resolution: "@discordjs/formatters@npm:0.3.3"
  dependencies:
    discord-api-types: "npm:0.37.61"
  checksum: 10c0/1833c2e20b87aa6ae03202502a64d5ae235ee6a25feb41786bb86b7414fac7c59e518f99f2a60b15ad713165c91e16f17b3e8024898d6a3cd3df9f3e94488cd1
  languageName: node
  linkType: hard

"@discordjs/rest@npm:^2.1.0":
  version: 2.2.0
  resolution: "@discordjs/rest@npm:2.2.0"
  dependencies:
    "@discordjs/collection": "npm:^2.0.0"
    "@discordjs/util": "npm:^1.0.2"
    "@sapphire/async-queue": "npm:^1.5.0"
    "@sapphire/snowflake": "npm:^3.5.1"
    "@vladfrangu/async_event_emitter": "npm:^2.2.2"
    discord-api-types: "npm:0.37.61"
    magic-bytes.js: "npm:^1.5.0"
    tslib: "npm:^2.6.2"
    undici: "npm:5.27.2"
  checksum: 10c0/ceaa9f6912a88c644ab177bc3f90944b7f168bbd905253a8654125f5290f81281e355ddccfc986d060d002112a5db3039c19a42c9900636afb184975fa033cf7
  languageName: node
  linkType: hard

"@discordjs/util@npm:^1.0.2":
  version: 1.0.2
  resolution: "@discordjs/util@npm:1.0.2"
  checksum: 10c0/2fbf790dc2ac9e65f53dafe814714630c094a6fad2ee7e12ebd6160aa2a3c17e0d5600454e857801adfd04db7aee3133f85aadc6eb7daa8d9bf783d5d8b551aa
  languageName: node
  linkType: hard

"@discordjs/ws@npm:^1.0.2":
  version: 1.0.2
  resolution: "@discordjs/ws@npm:1.0.2"
  dependencies:
    "@discordjs/collection": "npm:^2.0.0"
    "@discordjs/rest": "npm:^2.1.0"
    "@discordjs/util": "npm:^1.0.2"
    "@sapphire/async-queue": "npm:^1.5.0"
    "@types/ws": "npm:^8.5.9"
    "@vladfrangu/async_event_emitter": "npm:^2.2.2"
    discord-api-types: "npm:0.37.61"
    tslib: "npm:^2.6.2"
    ws: "npm:^8.14.2"
  checksum: 10c0/84b6d5678c82048bbaa3c6dd8abe5be6ef8a2ce6c4e31b086e06f4855c627267114895ef20b9bfba9bde71ca0b6a879f2079bf566e5f1bd725fd63c83732f843
  languageName: node
  linkType: hard

"@fastify/busboy@npm:^2.0.0":
  version: 2.1.0
  resolution: "@fastify/busboy@npm:2.1.0"
  checksum: 10c0/7bb641080aac7cf01d88749ad331af10ba9ec3713ec07cabbe833908c75df21bd56249bb6173bdec07f5a41896b21e3689316f86684c06635da45f91ff4565a2
  languageName: node
  linkType: hard

"@favware/colorette-spinner@npm:^1.0.1":
  version: 1.0.1
  resolution: "@favware/colorette-spinner@npm:1.0.1"
  dependencies:
    colorette: "npm:*"
  checksum: 10c0/eec0779ca72799aa2ebe071cdd4a0a3adcd13b2d6c5acc2f302b820b95c74a0c602fe150bfa052c9207f2059721abd1c65ffa79df3aa886b2bc45f1b56698dd3
  languageName: node
  linkType: hard

"@sapphire/async-queue@npm:^1.5.0":
  version: 1.5.2
  resolution: "@sapphire/async-queue@npm:1.5.2"
  checksum: 10c0/e588a70efe7993a85e3e81103f3f9c3c2c12dd6f3ab2a0f0b763fa412a99780db7a9e1560f188c77945e5e561a40be53120f49b5d83dfa88dd2cf02955e46647
  languageName: node
  linkType: hard

"@sapphire/cli@npm:^1.9.3":
  version: 1.9.3
  resolution: "@sapphire/cli@npm:1.9.3"
  dependencies:
    "@favware/colorette-spinner": "npm:^1.0.1"
    "@sapphire/node-utilities": "npm:^1.0.2"
    "@sapphire/result": "npm:^2.6.6"
    colorette: "npm:^2.0.20"
    commander: "npm:^11.1.0"
    execa: "npm:^8.0.1"
    find-up: "npm:^5.0.0"
    js-yaml: "npm:^4.1.0"
    prompts: "npm:^2.4.2"
    tslib: "npm:^2.6.2"
  bin:
    sapphire: ./dist/cli.js
  checksum: 10c0/a685120fac3cc696f3b31c49ee289886895fc7f886d5a1d5aa02036e7e39641d2154d7c595b01479b241272e8c770d02f02162c2b1712b79752084f1046c9ce4
  languageName: node
  linkType: hard

"@sapphire/decorators@npm:^6.0.4":
  version: 6.0.4
  resolution: "@sapphire/decorators@npm:6.0.4"
  dependencies:
    tslib: "npm:^2.6.2"
  checksum: 10c0/5f031f9cbde0081674ad2e40257f69402ea7d983b93ee4ab0afbda8373ab0cac41ca774666158a6c7a15dbcbe7b8364f8eba2d6a36d1404336165b4996a77470
  languageName: node
  linkType: hard

"@sapphire/discord-utilities@npm:^3.2.2":
  version: 3.2.2
  resolution: "@sapphire/discord-utilities@npm:3.2.2"
  dependencies:
    discord-api-types: "npm:^0.37.67"
  checksum: 10c0/30c8e4be811d4cbd73246e185160b1544e6f6aef81ca826441b8ccfb5b499edadc904419e19baee444c9e5bd90d4c824def0042f99d8d8544faec416281d5b36
  languageName: node
  linkType: hard

"@sapphire/discord.js-utilities@npm:7.1.6, @sapphire/discord.js-utilities@npm:^7.1.6":
  version: 7.1.6
  resolution: "@sapphire/discord.js-utilities@npm:7.1.6"
  dependencies:
    "@sapphire/discord-utilities": "npm:^3.2.2"
    "@sapphire/duration": "npm:^1.1.2"
    "@sapphire/utilities": "npm:^3.15.3"
    tslib: "npm:^2.6.2"
  checksum: 10c0/80bb98db723364997d196e9d9a6e25891c220eac030e485fed8b9a9ff37d4a95f56caf76b498ab8ad209d8c174164dfd39c00659bc85eca7e6f9be4b3e224124
  languageName: node
  linkType: hard

"@sapphire/duration@npm:^1.1.2":
  version: 1.1.2
  resolution: "@sapphire/duration@npm:1.1.2"
  checksum: 10c0/d9f2b74502bec1801a4d4ed62c10ca8e2bead8631309e4dfe00bcb4d439e64fa74e090d6e4a26f10924e86d241253fedbcd8674d0bd8a1853f0b923d2105c9fb
  languageName: node
  linkType: hard

"@sapphire/framework@npm:^5.0.7":
  version: 5.0.7
  resolution: "@sapphire/framework@npm:5.0.7"
  dependencies:
    "@discordjs/builders": "npm:^1.7.0"
    "@sapphire/discord-utilities": "npm:^3.2.2"
    "@sapphire/discord.js-utilities": "npm:^7.1.6"
    "@sapphire/lexure": "npm:^1.1.7"
    "@sapphire/pieces": "npm:^4.2.2"
    "@sapphire/ratelimits": "npm:^2.4.9"
    "@sapphire/result": "npm:^2.6.6"
    "@sapphire/stopwatch": "npm:^1.5.2"
    "@sapphire/utilities": "npm:^3.15.3"
  checksum: 10c0/83deb563ab552d95798ad8dee3bbd2076942e7a4fb2175778b1e7dba114c3f87b85deab135dbf1d9797f80af711e02ef3ef6206888d9dd09e19487cc839f920d
  languageName: node
  linkType: hard

"@sapphire/lexure@npm:^1.1.7":
  version: 1.1.7
  resolution: "@sapphire/lexure@npm:1.1.7"
  dependencies:
    "@sapphire/result": "npm:^2.6.6"
  checksum: 10c0/0479858952e01f1bc682405e26cce1c74b569c755dd97e1988a5b29c07c29d3694a71f953c6ec9e2075556114233908b20436e378c1f59998ffa1b41cb82570b
  languageName: node
  linkType: hard

"@sapphire/node-utilities@npm:^1.0.2":
  version: 1.0.2
  resolution: "@sapphire/node-utilities@npm:1.0.2"
  checksum: 10c0/65ec33badf849fb7d23ba6387567c5d2bea488463e5af0e46f9a348efb08346c5559d32a953f279cf4b1669994d774a25471398c26e415ec202e7da62c04c981
  languageName: node
  linkType: hard

"@sapphire/pieces@npm:^4.2.2":
  version: 4.2.2
  resolution: "@sapphire/pieces@npm:4.2.2"
  dependencies:
    "@discordjs/collection": "npm:^1.5.3"
    "@sapphire/utilities": "npm:^3.15.3"
    tslib: "npm:^2.6.2"
  checksum: 10c0/d0e52256be78f1d2ad236bf5b9eefff57b08b8c1a3dd80b68938313c53c1819e1d01af60a34b83b1cef084ae669de0e097d6537a7dc28c7d328f6a53a1c70a79
  languageName: node
  linkType: hard

"@sapphire/plugin-logger@npm:^4.0.2":
  version: 4.0.2
  resolution: "@sapphire/plugin-logger@npm:4.0.2"
  dependencies:
    "@sapphire/timestamp": "npm:^1.0.3"
    colorette: "npm:^2.0.20"
  checksum: 10c0/d1672f454e3dd4d8e08e9790e021541011faf407a10c0ea780e159e62fba7afb1994f97e293522b886e6c517fdc28842567f906d6294b33a07e071e6439e3435
  languageName: node
  linkType: hard

"@sapphire/prettier-config@npm:^2.0.0":
  version: 2.0.0
  resolution: "@sapphire/prettier-config@npm:2.0.0"
  dependencies:
    prettier: "npm:^3.0.0"
  checksum: 10c0/87aa87f0b47662f1b2b2f3de415ac5db54240f1b1848d068eebdd33d396d08991f5fe9b8fe229640a8392440a3bbd09380f279999f4a66367d5fff1cb91579e2
  languageName: node
  linkType: hard

"@sapphire/ratelimits@npm:^2.4.9":
  version: 2.4.9
  resolution: "@sapphire/ratelimits@npm:2.4.9"
  checksum: 10c0/e2e7da0ab8180914b42807044a14a786474f179e5e5e19b8b920a5ddc255b81263cbadf3d1c7ec60e2fbffc581d4de2e99b294bfec27d35874759d1d1b537cc7
  languageName: node
  linkType: hard

"@sapphire/result@npm:^2.6.6":
  version: 2.6.6
  resolution: "@sapphire/result@npm:2.6.6"
  checksum: 10c0/022d5f4d6b084f6ef7384453773d74116c00bbdbc7eeeed85b4b205a765ac158c2fad7fc8ecaabc19976cc40f01a54de1822f0b3f486ad27e134177ed8eb878a
  languageName: node
  linkType: hard

"@sapphire/shapeshift@npm:^3.9.3":
  version: 3.9.6
  resolution: "@sapphire/shapeshift@npm:3.9.6"
  dependencies:
    fast-deep-equal: "npm:^3.1.3"
    lodash: "npm:^4.17.21"
  checksum: 10c0/d0650eea520c63c0c5d803fada4f393cd7947daa4b528bbb95d15d8808ca7736fdd8791246d561f7c6e9f1a885e849fbbf665afda93796ad1ffcd7fe92a1cc5f
  languageName: node
  linkType: hard

"@sapphire/snowflake@npm:3.5.1":
  version: 3.5.1
  resolution: "@sapphire/snowflake@npm:3.5.1"
  checksum: 10c0/f0e7729dcb50b6c3c2b949cecd7818a7ba0cc59adbcede7d40322ff6e576866e8ea76ce0e2dc89f8445836f5d80af8d2c7bebc2c0352624455abfa03834416f6
  languageName: node
  linkType: hard

"@sapphire/snowflake@npm:^3.5.1":
  version: 3.5.3
  resolution: "@sapphire/snowflake@npm:3.5.3"
  checksum: 10c0/361b6a3e16eea4eb48b2608005ce397d4163065ccd84077059a0f609b97fb9cc52a173d7a64bbfce6f5d1e77be0f9704fd72ef64683a3dc7e455e9b4a1c90db1
  languageName: node
  linkType: hard

"@sapphire/stopwatch@npm:^1.5.2":
  version: 1.5.2
  resolution: "@sapphire/stopwatch@npm:1.5.2"
  dependencies:
    tslib: "npm:^2.6.2"
  checksum: 10c0/b628bcbbdc4fd08397544d398ac457fad5c88994a97c7f63738883ca8b1c253ae59f1c1316bf4f3e78c08ead9e6242a4237246370ca997110ca8dcce1c78b320
  languageName: node
  linkType: hard

"@sapphire/timestamp@npm:^1.0.3":
  version: 1.0.3
  resolution: "@sapphire/timestamp@npm:1.0.3"
  checksum: 10c0/97d8b9196674b1272b87366d386bd7077bfc14f0227e79bce36d4d13231e2f14eb6a517b043117916dd8fee2486d421b01494d462f7f01b6d951c2b50042bc7f
  languageName: node
  linkType: hard

"@sapphire/ts-config@npm:^5.0.0":
  version: 5.0.0
  resolution: "@sapphire/ts-config@npm:5.0.0"
  dependencies:
    tslib: "npm:^2.6.2"
    typescript: "npm:^5.2.2"
  checksum: 10c0/b647ac85045b53afe5fd66f3f3432b8c5d90a506294d385390030c0feab993c68f44f65c069cf7ecb37bee4659aae3a718082acebbcacb26cb56bd7198b87db6
  languageName: node
  linkType: hard

"@sapphire/utilities@npm:^3.15.3":
  version: 3.15.3
  resolution: "@sapphire/utilities@npm:3.15.3"
  checksum: 10c0/b1cb07f955b93f731b757f7f39fb9a9c9bc763bc5cddcd247e01beb5a4c7d38a6bb215d969b9aaf0891073333a63605861a219f5b5b457d73a2fd085c722f9c5
  languageName: node
  linkType: hard

"@skyra/env-utilities@npm:^1.3.0":
  version: 1.3.0
  resolution: "@skyra/env-utilities@npm:1.3.0"
  dependencies:
    dotenv: "npm:^16.3.1"
    dotenv-expand: "npm:^10.0.0"
  checksum: 10c0/5073fcf83f8f32a5f127230831cf5faa294982f3f9c420d054f2f57a87cd9f78349033a9a2368a63e30742bd5efee9ebb0e1534a98df90617967da171e35fccf
  languageName: node
  linkType: hard

"@types/node@npm:*, @types/node@npm:^20.11.5":
  version: 20.11.20
  resolution: "@types/node@npm:20.11.20"
  dependencies:
    undici-types: "npm:~5.26.4"
  checksum: 10c0/8e8de211e6d54425c603388a9b5cc9c434101985d0a1c88aabbf65d10df2b1fccd71855c20e61ae8a75c7aea56cb0f64e722cf7914cff1247d0b62ce21996ac4
  languageName: node
  linkType: hard

"@types/ws@npm:8.5.9":
  version: 8.5.9
  resolution: "@types/ws@npm:8.5.9"
  dependencies:
    "@types/node": "npm:*"
  checksum: 10c0/678bdd6461c4653f2975c537fb673cb1918c331558e2d2422b69761c9ced67200bb07c664e2593f3864077a891cb7c13ef2a40d303b4aacb06173d095d8aa3ce
  languageName: node
  linkType: hard

"@types/ws@npm:^8.5.10, @types/ws@npm:^8.5.9":
  version: 8.5.10
  resolution: "@types/ws@npm:8.5.10"
  dependencies:
    "@types/node": "npm:*"
  checksum: 10c0/e9af279b984c4a04ab53295a40aa95c3e9685f04888df5c6920860d1dd073fcc57c7bd33578a04b285b2c655a0b52258d34bee0a20569dca8defb8393e1e5d29
  languageName: node
  linkType: hard

"@vladfrangu/async_event_emitter@npm:^2.2.2":
  version: 2.2.4
  resolution: "@vladfrangu/async_event_emitter@npm:2.2.4"
  checksum: 10c0/0f17294f0f4458b0e71cdf0b3e10d0e9ceedfd0d6fe3a846d3033e2644659323bf31de3b025f67eead507d367d27054e4f4976fd4fa7fec716000e32ab853822
  languageName: node
  linkType: hard

"argparse@npm:^2.0.1":
  version: 2.0.1
  resolution: "argparse@npm:2.0.1"
  checksum: 10c0/c5640c2d89045371c7cedd6a70212a04e360fd34d6edeae32f6952c63949e3525ea77dbec0289d8213a99bbaeab5abfa860b5c12cf88a2e6cf8106e90dd27a7e
  languageName: node
  linkType: hard

"colorette@npm:*, colorette@npm:^2.0.20":
  version: 2.0.20
  resolution: "colorette@npm:2.0.20"
  checksum: 10c0/e94116ff33b0ff56f3b83b9ace895e5bf87c2a7a47b3401b8c3f3226e050d5ef76cf4072fb3325f9dc24d1698f9b730baf4e05eeaf861d74a1883073f4c98a40
  languageName: node
  linkType: hard

"commander@npm:^11.1.0":
  version: 11.1.0
  resolution: "commander@npm:11.1.0"
  checksum: 10c0/13cc6ac875e48780250f723fb81c1c1178d35c5decb1abb1b628b3177af08a8554e76b2c0f29de72d69eef7c864d12613272a71fabef8047922bc622ab75a179
  languageName: node
  linkType: hard

"cross-spawn@npm:^7.0.3":
  version: 7.0.3
  resolution: "cross-spawn@npm:7.0.3"
  dependencies:
    path-key: "npm:^3.1.0"
    shebang-command: "npm:^2.0.0"
    which: "npm:^2.0.1"
  checksum: 10c0/5738c312387081c98d69c98e105b6327b069197f864a60593245d64c8089c8a0a744e16349281210d56835bb9274130d825a78b2ad6853ca13cfbeffc0c31750
  languageName: node
  linkType: hard

"discord-api-types@npm:0.37.61":
  version: 0.37.61
  resolution: "discord-api-types@npm:0.37.61"
  checksum: 10c0/ce3d28df71df26fbd32f7a13c8b5c77ff3f9ad3612e8bbd44236a498388b73e34e39e1c5f6c4652950a1f54024f934275e0f10e49c2dcf3aafe58a1eb3776b74
  languageName: node
  linkType: hard

"discord-api-types@npm:^0.37.67":
  version: 0.37.70
  resolution: "discord-api-types@npm:0.37.70"
  checksum: 10c0/6f35fcd2b6bc26295ba30860e023e032f70f6f4a38b5ac88a76067544f8c299a17abc5e706721b214def2706870704f768462bc5e05a2d824824fe0521daa254
  languageName: node
  linkType: hard

"discord.js@npm:^14.14.1":
  version: 14.14.1
  resolution: "discord.js@npm:14.14.1"
  dependencies:
    "@discordjs/builders": "npm:^1.7.0"
    "@discordjs/collection": "npm:1.5.3"
    "@discordjs/formatters": "npm:^0.3.3"
    "@discordjs/rest": "npm:^2.1.0"
    "@discordjs/util": "npm:^1.0.2"
    "@discordjs/ws": "npm:^1.0.2"
    "@sapphire/snowflake": "npm:3.5.1"
    "@types/ws": "npm:8.5.9"
    discord-api-types: "npm:0.37.61"
    fast-deep-equal: "npm:3.1.3"
    lodash.snakecase: "npm:4.1.1"
    tslib: "npm:2.6.2"
    undici: "npm:5.27.2"
    ws: "npm:8.14.2"
  checksum: 10c0/96fc27ea9752692404c18cdfb99594bb4af08b771886d12f26deb863c7c6cccd108e3fb91560fdcdae84138f7ca8c76d73cd52d11d5b0b4bd9a95f8804b32252
  languageName: node
  linkType: hard

"dotenv-expand@npm:^10.0.0":
  version: 10.0.0
  resolution: "dotenv-expand@npm:10.0.0"
  checksum: 10c0/298f5018e29cfdcb0b5f463ba8e8627749103fbcf6cf81c561119115754ed582deee37b49dfc7253028aaba875ab7aea5fa90e5dac88e511d009ab0e6677924e
  languageName: node
  linkType: hard

"dotenv@npm:^16.3.1":
  version: 16.4.5
  resolution: "dotenv@npm:16.4.5"
  checksum: 10c0/48d92870076832af0418b13acd6e5a5a3e83bb00df690d9812e94b24aff62b88ade955ac99a05501305b8dc8f1b0ee7638b18493deb6fe93d680e5220936292f
  languageName: node
  linkType: hard

"duplexer@npm:~0.1.1":
  version: 0.1.2
  resolution: "duplexer@npm:0.1.2"
  checksum: 10c0/c57bcd4bdf7e623abab2df43a7b5b23d18152154529d166c1e0da6bee341d84c432d157d7e97b32fecb1bf3a8b8857dd85ed81a915789f550637ed25b8e64fc2
  languageName: node
  linkType: hard

"event-stream@npm:=3.3.4":
  version: 3.3.4
  resolution: "event-stream@npm:3.3.4"
  dependencies:
    duplexer: "npm:~0.1.1"
    from: "npm:~0"
    map-stream: "npm:~0.1.0"
    pause-stream: "npm:0.0.11"
    split: "npm:0.3"
    stream-combiner: "npm:~0.0.4"
    through: "npm:~2.3.1"
  checksum: 10c0/c3ec4e1efc27ab3e73a98923f0a2fa9a19051b87068fea2f3d53d2e4e8c5cfdadf8c8a115b17f3d90b16a46432d396bad91b6e8d0cceb3e449be717a03b75209
  languageName: node
  linkType: hard

"execa@npm:^8.0.1":
  version: 8.0.1
  resolution: "execa@npm:8.0.1"
  dependencies:
    cross-spawn: "npm:^7.0.3"
    get-stream: "npm:^8.0.1"
    human-signals: "npm:^5.0.0"
    is-stream: "npm:^3.0.0"
    merge-stream: "npm:^2.0.0"
    npm-run-path: "npm:^5.1.0"
    onetime: "npm:^6.0.0"
    signal-exit: "npm:^4.1.0"
    strip-final-newline: "npm:^3.0.0"
  checksum: 10c0/2c52d8775f5bf103ce8eec9c7ab3059909ba350a5164744e9947ed14a53f51687c040a250bda833f906d1283aa8803975b84e6c8f7a7c42f99dc8ef80250d1af
  languageName: node
  linkType: hard

"fast-deep-equal@npm:3.1.3, fast-deep-equal@npm:^3.1.3":
  version: 3.1.3
  resolution: "fast-deep-equal@npm:3.1.3"
  checksum: 10c0/40dedc862eb8992c54579c66d914635afbec43350afbbe991235fdcb4e3a8d5af1b23ae7e79bef7d4882d0ecee06c3197488026998fb19f72dc95acff1d1b1d0
  languageName: node
  linkType: hard

"find-up@npm:^5.0.0":
  version: 5.0.0
  resolution: "find-up@npm:5.0.0"
  dependencies:
    locate-path: "npm:^6.0.0"
    path-exists: "npm:^4.0.0"
  checksum: 10c0/062c5a83a9c02f53cdd6d175a37ecf8f87ea5bbff1fdfb828f04bfa021441bc7583e8ebc0872a4c1baab96221fb8a8a275a19809fb93fbc40bd69ec35634069a
  languageName: node
  linkType: hard

"from@npm:~0":
  version: 0.1.7
  resolution: "from@npm:0.1.7"
  checksum: 10c0/3aab5aea8fe8e1f12a5dee7f390d46a93431ce691b6222dcd5701c5d34378e51ca59b44967da1105a0f90fcdf5d7629d963d51e7ccd79827d19693bdcfb688d4
  languageName: node
  linkType: hard

"get-stream@npm:^8.0.1":
  version: 8.0.1
  resolution: "get-stream@npm:8.0.1"
  checksum: 10c0/5c2181e98202b9dae0bb4a849979291043e5892eb40312b47f0c22b9414fc9b28a3b6063d2375705eb24abc41ecf97894d9a51f64ff021511b504477b27b4290
  languageName: node
  linkType: hard

"human-signals@npm:^5.0.0":
  version: 5.0.0
  resolution: "human-signals@npm:5.0.0"
  checksum: 10c0/5a9359073fe17a8b58e5a085e9a39a950366d9f00217c4ff5878bd312e09d80f460536ea6a3f260b5943a01fe55c158d1cea3fc7bee3d0520aeef04f6d915c82
  languageName: node
  linkType: hard

"is-stream@npm:^3.0.0":
  version: 3.0.0
  resolution: "is-stream@npm:3.0.0"
  checksum: 10c0/eb2f7127af02ee9aa2a0237b730e47ac2de0d4e76a4a905a50a11557f2339df5765eaea4ceb8029f1efa978586abe776908720bfcb1900c20c6ec5145f6f29d8
  languageName: node
  linkType: hard

"isexe@npm:^2.0.0":
  version: 2.0.0
  resolution: "isexe@npm:2.0.0"
  checksum: 10c0/228cfa503fadc2c31596ab06ed6aa82c9976eec2bfd83397e7eaf06d0ccf42cd1dfd6743bf9aeb01aebd4156d009994c5f76ea898d2832c1fe342da923ca457d
  languageName: node
  linkType: hard

"js-yaml@npm:^4.1.0":
  version: 4.1.0
  resolution: "js-yaml@npm:4.1.0"
  dependencies:
    argparse: "npm:^2.0.1"
  bin:
    js-yaml: bin/js-yaml.js
  checksum: 10c0/184a24b4eaacfce40ad9074c64fd42ac83cf74d8c8cd137718d456ced75051229e5061b8633c3366b8aada17945a7a356b337828c19da92b51ae62126575018f
  languageName: node
  linkType: hard

"kleur@npm:^3.0.3":
  version: 3.0.3
  resolution: "kleur@npm:3.0.3"
  checksum: 10c0/cd3a0b8878e7d6d3799e54340efe3591ca787d9f95f109f28129bdd2915e37807bf8918bb295ab86afb8c82196beec5a1adcaf29042ce3f2bd932b038fe3aa4b
  languageName: node
  linkType: hard

"liminal-umbrella@workspace:.":
  version: 0.0.0-use.local
  resolution: "liminal-umbrella@workspace:."
  dependencies:
    "@sapphire/cli": "npm:^1.9.3"
    "@sapphire/decorators": "npm:^6.0.4"
    "@sapphire/discord.js-utilities": "npm:7.1.6"
    "@sapphire/framework": "npm:^5.0.7"
    "@sapphire/plugin-logger": "npm:^4.0.2"
    "@sapphire/prettier-config": "npm:^2.0.0"
    "@sapphire/ts-config": "npm:^5.0.0"
    "@sapphire/utilities": "npm:^3.15.3"
    "@skyra/env-utilities": "npm:^1.3.0"
    "@types/node": "npm:^20.11.5"
    "@types/ws": "npm:^8.5.10"
    colorette: "npm:^2.0.20"
    discord.js: "npm:^14.14.1"
    prettier: "npm:^3.2.4"
    tsc-watch: "npm:^6.0.4"
    typescript: "npm:^5.3.3"
  languageName: unknown
  linkType: soft

"locate-path@npm:^6.0.0":
  version: 6.0.0
  resolution: "locate-path@npm:6.0.0"
  dependencies:
    p-locate: "npm:^5.0.0"
  checksum: 10c0/d3972ab70dfe58ce620e64265f90162d247e87159b6126b01314dd67be43d50e96a50b517bce2d9452a79409c7614054c277b5232377de50416564a77ac7aad3
  languageName: node
  linkType: hard

"lodash.snakecase@npm:4.1.1":
  version: 4.1.1
  resolution: "lodash.snakecase@npm:4.1.1"
  checksum: 10c0/f0b3f2497eb20eea1a1cfc22d645ecaeb78ac14593eb0a40057977606d2f35f7aaff0913a06553c783b535aafc55b718f523f9eb78f8d5293f492af41002eaf9
  languageName: node
  linkType: hard

"lodash@npm:^4.17.21":
  version: 4.17.21
  resolution: "lodash@npm:4.17.21"
  checksum: 10c0/d8cbea072bb08655bb4c989da418994b073a608dffa608b09ac04b43a791b12aeae7cd7ad919aa4c925f33b48490b5cfe6c1f71d827956071dae2e7bb3a6b74c
  languageName: node
  linkType: hard

"magic-bytes.js@npm:^1.5.0":
  version: 1.8.0
  resolution: "magic-bytes.js@npm:1.8.0"
  checksum: 10c0/ec0c542f232f179d721a3fd416373311f37471872f771ab2169e6f3040bdf72e99770dd10bb1f288bff76c111e8da2ff7aa30c2a1bd378b004d0d4a1fde00749
  languageName: node
  linkType: hard

"map-stream@npm:~0.1.0":
  version: 0.1.0
  resolution: "map-stream@npm:0.1.0"
  checksum: 10c0/7dd6debe511c1b55d9da75e1efa65a28b1252a2d8357938d2e49b412713c478efbaefb0cdf0ee0533540c3bf733e8f9f71e1a15aa0fe74bf71b64e75bf1576bd
  languageName: node
  linkType: hard

"merge-stream@npm:^2.0.0":
  version: 2.0.0
  resolution: "merge-stream@npm:2.0.0"
  checksum: 10c0/867fdbb30a6d58b011449b8885601ec1690c3e41c759ecd5a9d609094f7aed0096c37823ff4a7190ef0b8f22cc86beb7049196ff68c016e3b3c671d0dac91ce5
  languageName: node
  linkType: hard

"mimic-fn@npm:^4.0.0":
  version: 4.0.0
  resolution: "mimic-fn@npm:4.0.0"
  checksum: 10c0/de9cc32be9996fd941e512248338e43407f63f6d497abe8441fa33447d922e927de54d4cc3c1a3c6d652857acd770389d5a3823f311a744132760ce2be15ccbf
  languageName: node
  linkType: hard

"node-cleanup@npm:^2.1.2":
  version: 2.1.2
  resolution: "node-cleanup@npm:2.1.2"
  checksum: 10c0/c59077d7cac01f6315e4417e5d13523e43aa19965b14768581dbd06b37419323abe5f7171afe6aa52b7a483bdd0027e5a5f62a532a2ebec2a8c4cdf163736c92
  languageName: node
  linkType: hard

"npm-run-path@npm:^5.1.0":
  version: 5.3.0
  resolution: "npm-run-path@npm:5.3.0"
  dependencies:
    path-key: "npm:^4.0.0"
  checksum: 10c0/124df74820c40c2eb9a8612a254ea1d557ddfab1581c3e751f825e3e366d9f00b0d76a3c94ecd8398e7f3eee193018622677e95816e8491f0797b21e30b2deba
  languageName: node
  linkType: hard

"onetime@npm:^6.0.0":
  version: 6.0.0
  resolution: "onetime@npm:6.0.0"
  dependencies:
    mimic-fn: "npm:^4.0.0"
  checksum: 10c0/4eef7c6abfef697dd4479345a4100c382d73c149d2d56170a54a07418c50816937ad09500e1ed1e79d235989d073a9bade8557122aee24f0576ecde0f392bb6c
  languageName: node
  linkType: hard

"p-limit@npm:^3.0.2":
  version: 3.1.0
  resolution: "p-limit@npm:3.1.0"
  dependencies:
    yocto-queue: "npm:^0.1.0"
  checksum: 10c0/9db675949dbdc9c3763c89e748d0ef8bdad0afbb24d49ceaf4c46c02c77d30db4e0652ed36d0a0a7a95154335fab810d95c86153105bb73b3a90448e2bb14e1a
  languageName: node
  linkType: hard

"p-locate@npm:^5.0.0":
  version: 5.0.0
  resolution: "p-locate@npm:5.0.0"
  dependencies:
    p-limit: "npm:^3.0.2"
  checksum: 10c0/2290d627ab7903b8b70d11d384fee714b797f6040d9278932754a6860845c4d3190603a0772a663c8cb5a7b21d1b16acb3a6487ebcafa9773094edc3dfe6009a
  languageName: node
  linkType: hard

"path-exists@npm:^4.0.0":
  version: 4.0.0
  resolution: "path-exists@npm:4.0.0"
  checksum: 10c0/8c0bd3f5238188197dc78dced15207a4716c51cc4e3624c44fc97acf69558f5ebb9a2afff486fe1b4ee148e0c133e96c5e11a9aa5c48a3006e3467da070e5e1b
  languageName: node
  linkType: hard

"path-key@npm:^3.1.0":
  version: 3.1.1
  resolution: "path-key@npm:3.1.1"
  checksum: 10c0/748c43efd5a569c039d7a00a03b58eecd1d75f3999f5a28303d75f521288df4823bc057d8784eb72358b2895a05f29a070bc9f1f17d28226cc4e62494cc58c4c
  languageName: node
  linkType: hard

"path-key@npm:^4.0.0":
  version: 4.0.0
  resolution: "path-key@npm:4.0.0"
  checksum: 10c0/794efeef32863a65ac312f3c0b0a99f921f3e827ff63afa5cb09a377e202c262b671f7b3832a4e64731003fa94af0263713962d317b9887bd1e0c48a342efba3
  languageName: node
  linkType: hard

"pause-stream@npm:0.0.11":
  version: 0.0.11
  resolution: "pause-stream@npm:0.0.11"
  dependencies:
    through: "npm:~2.3"
  checksum: 10c0/86f12c64cdaaa8e45ebaca4e39a478e1442db8b4beabc280b545bfaf79c0e2f33c51efb554aace5c069cc441c7b924ba484837b345eaa4ba6fc940d62f826802
  languageName: node
  linkType: hard

"prettier@npm:^3.0.0, prettier@npm:^3.2.4":
  version: 3.2.5
  resolution: "prettier@npm:3.2.5"
  bin:
    prettier: bin/prettier.cjs
  checksum: 10c0/ea327f37a7d46f2324a34ad35292af2ad4c4c3c3355da07313339d7e554320f66f65f91e856add8530157a733c6c4a897dc41b577056be5c24c40f739f5ee8c6
  languageName: node
  linkType: hard

"prompts@npm:^2.4.2":
  version: 2.4.2
  resolution: "prompts@npm:2.4.2"
  dependencies:
    kleur: "npm:^3.0.3"
    sisteransi: "npm:^1.0.5"
  checksum: 10c0/16f1ac2977b19fe2cf53f8411cc98db7a3c8b115c479b2ca5c82b5527cd937aa405fa04f9a5960abeb9daef53191b53b4d13e35c1f5d50e8718c76917c5f1ea4
  languageName: node
  linkType: hard

"ps-tree@npm:^1.2.0":
  version: 1.2.0
  resolution: "ps-tree@npm:1.2.0"
  dependencies:
    event-stream: "npm:=3.3.4"
  bin:
    ps-tree: ./bin/ps-tree.js
  checksum: 10c0/9d1c159e0890db5aa05f84d125193c2190a6c4ecd457596fd25e7611f8f747292a846459dcc0244e27d45529d4cea6d1010c3a2a087fad02624d12fdb7d97c22
  languageName: node
  linkType: hard

"shebang-command@npm:^2.0.0":
  version: 2.0.0
  resolution: "shebang-command@npm:2.0.0"
  dependencies:
    shebang-regex: "npm:^3.0.0"
  checksum: 10c0/a41692e7d89a553ef21d324a5cceb5f686d1f3c040759c50aab69688634688c5c327f26f3ecf7001ebfd78c01f3c7c0a11a7c8bfd0a8bc9f6240d4f40b224e4e
  languageName: node
  linkType: hard

"shebang-regex@npm:^3.0.0":
  version: 3.0.0
  resolution: "shebang-regex@npm:3.0.0"
  checksum: 10c0/1dbed0726dd0e1152a92696c76c7f06084eb32a90f0528d11acd764043aacf76994b2fb30aa1291a21bd019d6699164d048286309a278855ee7bec06cf6fb690
  languageName: node
  linkType: hard

"signal-exit@npm:^4.1.0":
  version: 4.1.0
  resolution: "signal-exit@npm:4.1.0"
  checksum: 10c0/41602dce540e46d599edba9d9860193398d135f7ff72cab629db5171516cfae628d21e7bfccde1bbfdf11c48726bc2a6d1a8fb8701125852fbfda7cf19c6aa83
  languageName: node
  linkType: hard

"sisteransi@npm:^1.0.5":
  version: 1.0.5
  resolution: "sisteransi@npm:1.0.5"
  checksum: 10c0/230ac975cca485b7f6fe2b96a711aa62a6a26ead3e6fb8ba17c5a00d61b8bed0d7adc21f5626b70d7c33c62ff4e63933017a6462942c719d1980bb0b1207ad46
  languageName: node
  linkType: hard

"split@npm:0.3":
  version: 0.3.3
  resolution: "split@npm:0.3.3"
  dependencies:
    through: "npm:2"
  checksum: 10c0/88c09b1b4de84953bf5d6c153123a1fbb20addfea9381f70d27b4eb6b2bfbadf25d313f8f5d3fd727d5679b97bfe54da04766b91010f131635bf49e51d5db3fc
  languageName: node
  linkType: hard

"stream-combiner@npm:~0.0.4":
  version: 0.0.4
  resolution: "stream-combiner@npm:0.0.4"
  dependencies:
    duplexer: "npm:~0.1.1"
  checksum: 10c0/8075a94c0eb0f20450a8236cb99d4ce3ea6e6a4b36d8baa7440b1a08cde6ffd227debadffaecd80993bd334282875d0e927ab5b88484625e01970dd251004ff5
  languageName: node
  linkType: hard

"string-argv@npm:^0.3.1":
  version: 0.3.2
  resolution: "string-argv@npm:0.3.2"
  checksum: 10c0/75c02a83759ad1722e040b86823909d9a2fc75d15dd71ec4b537c3560746e33b5f5a07f7332d1e3f88319909f82190843aa2f0a0d8c8d591ec08e93d5b8dec82
  languageName: node
  linkType: hard

"strip-final-newline@npm:^3.0.0":
  version: 3.0.0
  resolution: "strip-final-newline@npm:3.0.0"
  checksum: 10c0/a771a17901427bac6293fd416db7577e2bc1c34a19d38351e9d5478c3c415f523f391003b42ed475f27e33a78233035df183525395f731d3bfb8cdcbd4da08ce
  languageName: node
  linkType: hard

"through@npm:2, through@npm:~2.3, through@npm:~2.3.1":
  version: 2.3.8
  resolution: "through@npm:2.3.8"
  checksum: 10c0/4b09f3774099de0d4df26d95c5821a62faee32c7e96fb1f4ebd54a2d7c11c57fe88b0a0d49cf375de5fee5ae6bf4eb56dbbf29d07366864e2ee805349970d3cc
  languageName: node
  linkType: hard

"ts-mixer@npm:^6.0.3":
  version: 6.0.4
  resolution: "ts-mixer@npm:6.0.4"
  checksum: 10c0/4c442fc99cdffd4a3f0ce55c624fb703f4ded5cab6912f97705489565c4a74d3e4213f10c33499ec5150900a628d38537a9a6a9e35b5045b65129a84b4db21ae
  languageName: node
  linkType: hard

"tsc-watch@npm:^6.0.4":
  version: 6.0.4
  resolution: "tsc-watch@npm:6.0.4"
  dependencies:
    cross-spawn: "npm:^7.0.3"
    node-cleanup: "npm:^2.1.2"
    ps-tree: "npm:^1.2.0"
    string-argv: "npm:^0.3.1"
  peerDependencies:
    typescript: "*"
  bin:
    tsc-watch: dist/lib/tsc-watch.js
  checksum: 10c0/e6891283daa5f3f5b6bc26bd4de24d85664a24cb0b0b3f3c46ec7b3f1ad0f599da02f73023814b3285b8fb9810164b8a43ed693f2fc12bc85a72b15d020545cd
  languageName: node
  linkType: hard

"tslib@npm:2.6.2, tslib@npm:^2.6.2":
  version: 2.6.2
  resolution: "tslib@npm:2.6.2"
  checksum: 10c0/e03a8a4271152c8b26604ed45535954c0a45296e32445b4b87f8a5abdb2421f40b59b4ca437c4346af0f28179780d604094eb64546bee2019d903d01c6c19bdb
  languageName: node
  linkType: hard

"typescript@npm:^5.2.2, typescript@npm:^5.3.3":
  version: 5.3.3
  resolution: "typescript@npm:5.3.3"
  bin:
    tsc: bin/tsc
    tsserver: bin/tsserver
  checksum: 10c0/e33cef99d82573624fc0f854a2980322714986bc35b9cb4d1ce736ed182aeab78e2cb32b385efa493b2a976ef52c53e20d6c6918312353a91850e2b76f1ea44f
  languageName: node
  linkType: hard

"typescript@patch:typescript@npm%3A^5.2.2#optional!builtin<compat/typescript>, typescript@patch:typescript@npm%3A^5.3.3#optional!builtin<compat/typescript>":
  version: 5.3.3
  resolution: "typescript@patch:typescript@npm%3A5.3.3#optional!builtin<compat/typescript>::version=5.3.3&hash=e012d7"
  bin:
    tsc: bin/tsc
    tsserver: bin/tsserver
  checksum: 10c0/1d0a5f4ce496c42caa9a30e659c467c5686eae15d54b027ee7866744952547f1be1262f2d40de911618c242b510029d51d43ff605dba8fb740ec85ca2d3f9500
  languageName: node
  linkType: hard

"undici-types@npm:~5.26.4":
  version: 5.26.5
  resolution: "undici-types@npm:5.26.5"
  checksum: 10c0/bb673d7876c2d411b6eb6c560e0c571eef4a01c1c19925175d16e3a30c4c428181fb8d7ae802a261f283e4166a0ac435e2f505743aa9e45d893f9a3df017b501
  languageName: node
  linkType: hard

"undici@npm:5.27.2":
  version: 5.27.2
  resolution: "undici@npm:5.27.2"
  dependencies:
    "@fastify/busboy": "npm:^2.0.0"
  checksum: 10c0/0cb62c57edc938f242c116e41fb2a74f81ed20e7e2e554cf1ceae548520df0592385b53d444f8cf59e1e10e6b27acd153198d8a2353b3040d0a778a099aac92c
  languageName: node
  linkType: hard

"which@npm:^2.0.1":
  version: 2.0.2
  resolution: "which@npm:2.0.2"
  dependencies:
    isexe: "npm:^2.0.0"
  bin:
    node-which: ./bin/node-which
  checksum: 10c0/66522872a768b60c2a65a57e8ad184e5372f5b6a9ca6d5f033d4b0dc98aff63995655a7503b9c0a2598936f532120e81dd8cc155e2e92ed662a2b9377cc4374f
  languageName: node
  linkType: hard

"ws@npm:8.14.2":
  version: 8.14.2
  resolution: "ws@npm:8.14.2"
  peerDependencies:
    bufferutil: ^4.0.1
    utf-8-validate: ">=5.0.2"
  peerDependenciesMeta:
    bufferutil:
      optional: true
    utf-8-validate:
      optional: true
  checksum: 10c0/35b4c2da048b8015c797fd14bcb5a5766216ce65c8a5965616a5440ca7b6c3681ee3cbd0ea0c184a59975556e9d58f2002abf8485a14d11d3371770811050a16
  languageName: node
  linkType: hard

"ws@npm:^8.14.2":
  version: 8.16.0
  resolution: "ws@npm:8.16.0"
  peerDependencies:
    bufferutil: ^4.0.1
    utf-8-validate: ">=5.0.2"
  peerDependenciesMeta:
    bufferutil:
      optional: true
    utf-8-validate:
      optional: true
  checksum: 10c0/a7783bb421c648b1e622b423409cb2a58ac5839521d2f689e84bc9dc41d59379c692dd405b15a997ea1d4c0c2e5314ad707332d0c558f15232d2bc07c0b4618a
  languageName: node
  linkType: hard

"yocto-queue@npm:^0.1.0":
  version: 0.1.0
  resolution: "yocto-queue@npm:0.1.0"
  checksum: 10c0/dceb44c28578b31641e13695d200d34ec4ab3966a5729814d5445b194933c096b7ced71494ce53a0e8820685d1d010df8b2422e5bf2cdea7e469d97ffbea306f
  languageName: node
  linkType: hard
